
Microsoft Visual Studio Solution File, Format Version 12.00
# Visual Studio Version 16
VisualStudioVersion = 16.0.30011.22
MinimumVisualStudioVersion = 10.0.40219.1
Project("{2150E333-8FDC-42A3-9474-1A3956D46DE8}") = "dev", "dev", "{448ED2E5-0B37-4D97-9E6B-8C10A507976A}"
EndProject
Project("{2150E333-8FDC-42A3-9474-1A3956D46DE8}") = "SampleWinRT", "SampleWinRT", "{428CCA9E-ADC5-4917-B51B-7D13E35950C5}"
EndProject
Project("{2150E333-8FDC-42A3-9474-1A3956D46DE8}") = "docs", "docs", "{F3659DFF-232D-46E0-967E-61FCC9A1132F}"
	ProjectSection(SolutionItems) = preProject
		docs\contributor-guide.md = docs\contributor-guide.md
		docs\faq.md = docs\faq.md
		docs\README.md = docs\README.md
		docs\roadmap.md = docs\roadmap.md
	EndProjectSection
EndProject
Project("{8BC9CEB8-8B4A-11D0-8D11-00A0C91BC942}") = "SampleWinRT", "dev\SampleWinRT\SampleWinRT.vcxitems", "{0DE4FEFE-5471-4B50-B74B-D817A02B7F0D}"
EndProject
Project("{2150E333-8FDC-42A3-9474-1A3956D46DE8}") = "SampleFlatC", "SampleFlatC", "{8A5C2FE6-86D7-4AAA-BE2E-924B8E03B888}"
EndProject
Project("{8BC9CEB8-8B4A-11D0-8D11-00A0C91BC942}") = "SampleFlatC", "dev\SampleFlatC\SampleFlatC.vcxitems", "{CDCE22EC-F7BF-43D4-95D8-2E786229A4E5}"
EndProject
Project("{2150E333-8FDC-42A3-9474-1A3956D46DE8}") = "test", "test", "{8630F7AA-2969-4DC9-8700-9B468C1DC21D}"
EndProject
Project("{8BC9CEB8-8B4A-11D0-8D11-00A0C91BC942}") = "CppShared", "test\CppShared\CppShared.vcxitems", "{682DED8C-3A27-48CD-866D-E853EA2024DE}"
EndProject
Project("{8BC9CEB8-8B4A-11D0-8D11-00A0C91BC942}") = "ProjectReunion_DLL", "dev\ProjectReunion_DLL\ProjectReunion_DLL.vcxproj", "{B73AD907-6164-4294-88FB-F3C9C10DA1F1}"
EndProject
Project("{8BC9CEB8-8B4A-11D0-8D11-00A0C91BC942}") = "CppTest_Win32", "test\CppTest\CppTest.vcxproj", "{C62688A1-16A0-4729-B6ED-842F4FAA29F3}"
EndProject
Project("{8BC9CEB8-8B4A-11D0-8D11-00A0C91BC942}") = "CppTest_UWP", "test\CppTest_UWP\CppTest_UWP.vcxproj", "{B1A6F5EC-5418-4354-BACF-F7D998EE960D}"
EndProject
Project("{2150E333-8FDC-42A3-9474-1A3956D46DE8}") = "PlatformIntegrationPackage", "PlatformIntegrationPackage", "{0D4C23E6-7CDE-46C6-A904-4514044BE0AF}"
EndProject
Project("{2150E333-8FDC-42A3-9474-1A3956D46DE8}") = "PIPTool", "PIPTool", "{EE59832A-648D-430F-90FF-DDA81D838606}"
EndProject
Project("{8BC9CEB8-8B4A-11D0-8D11-00A0C91BC942}") = "PIPTool", "dev\PlatformIntegrationPackage\PIPTool\PIPTool.vcxproj", "{064C0A6B-10EA-4A40-826C-CF53903EBCB9}"
EndProject
Project("{2150E333-8FDC-42A3-9474-1A3956D46DE8}") = "PlatformIntegrationPackage", "PlatformIntegrationPackage", "{5A953C39-D016-4D85-AAF0-39F51F7B00D2}"
EndProject
Project("{2150E333-8FDC-42A3-9474-1A3956D46DE8}") = "PIPLauncher", "PIPLauncher", "{E65303BB-393D-4A58-96CF-0B6F8F038FF7}"
EndProject
Project("{8BC9CEB8-8B4A-11D0-8D11-00A0C91BC942}") = "PIPLauncher", "test\PlatformIntegrationPackage\PIPLauncher\PIPLauncher.vcxproj", "{1F248AFD-5F0C-401E-B20E-762009E93DD6}"
EndProject
Project("{2150E333-8FDC-42A3-9474-1A3956D46DE8}") = "PIPTool", "PIPTool", "{44387CD5-2431-4308-B0FE-38164016E58C}"
EndProject
Project("{2150E333-8FDC-42A3-9474-1A3956D46DE8}") = "PIPToolTest", "PIPToolTest", "{B32C04C8-8BD2-4350-81EA-5C73631FDEBB}"
EndProject
Project("{8BC9CEB8-8B4A-11D0-8D11-00A0C91BC942}") = "PIPToolTest", "test\PlatformIntegrationPackage\PIPTool\PIPToolTest\PIPToolTest.vcxproj", "{DE1EEC43-3820-40A4-9B67-0FBE0CE16B02}"
EndProject
Project("{2150E333-8FDC-42A3-9474-1A3956D46DE8}") = "Data", "Data", "{9A9A4442-31E7-48A2-87A4-E6A92325D7E0}"
	ProjectSection(SolutionItems) = preProject
		test\PlatformIntegrationPackage\PIPTool\Data\LifetimeManagerClsid.h = test\PlatformIntegrationPackage\PIPTool\Data\LifetimeManagerClsid.h
		test\PlatformIntegrationPackage\PIPTool\Data\PIPAppxManifest.xml = test\PlatformIntegrationPackage\PIPTool\Data\PIPAppxManifest.xml
	EndProjectSection
EndProject
Project("{2150E333-8FDC-42A3-9474-1A3956D46DE8}") = "PIPActivation", "PIPActivation", "{375F9DA8-6222-44A5-9378-44DB28CFAAE9}"
EndProject
Project("{8BC9CEB8-8B4A-11D0-8D11-00A0C91BC942}") = "PIPActivationTest", "test\PlatformIntegrationPackage\PIPActivation\PIPActivationTest.vcxproj", "{8E58165B-CB6E-412B-A9C3-2AA89F0D473F}"
EndProject
Project("{2150E333-8FDC-42A3-9474-1A3956D46DE8}") = "PIPFrameworkPackage", "PIPFrameworkPackage", "{FFB618B0-B5E1-4AFC-B138-FDA73920A33A}"
EndProject
Project("{2150E333-8FDC-42A3-9474-1A3956D46DE8}") = "PIPFrameworkCommon", "PIPFrameworkCommon", "{B42F17EF-35CB-49D4-AC16-A05C11DDD5F3}"
EndProject
Project("{2150E333-8FDC-42A3-9474-1A3956D46DE8}") = "PIPCentennialAppDll", "PIPCentennialAppDll", "{1BC8B6F7-DFAA-4FE9-BB69-A8D151AE58CB}"
EndProject
Project("{2150E333-8FDC-42A3-9474-1A3956D46DE8}") = "PIPFrameworkCentennialLib", "PIPFrameworkCentennialLib", "{AD62B485-5CCC-4BC2-BB01-ACB911DAFD58}"
EndProject
Project("{2150E333-8FDC-42A3-9474-1A3956D46DE8}") = "PIPFrameworkCentennialDll", "PIPFrameworkCentennialDll", "{72C7350C-595B-4502-A103-D96D3EA03BA5}"
EndProject
Project("{2150E333-8FDC-42A3-9474-1A3956D46DE8}") = "PIPDDLMProxyStub", "PIPDDLMProxyStub", "{A769332A-2550-417F-9730-0CC1C7AC6022}"
EndProject
Project("{2150E333-8FDC-42A3-9474-1A3956D46DE8}") = "PIPMainPackage", "PIPMainPackage", "{72D07FBE-C38B-41FB-B7F8-B27CC5E09C9E}"
EndProject
Project("{2150E333-8FDC-42A3-9474-1A3956D46DE8}") = "PIPCentennialAppExe", "PIPCentennialAppExe", "{C727807C-F6F8-47C3-A00B-76B648C8D1EE}"
EndProject
Project("{2150E333-8FDC-42A3-9474-1A3956D46DE8}") = "PIPDDLM", "PIPDDLM", "{67EB8D54-E060-4887-9D91-938ED7E145A6}"
EndProject
Project("{2150E333-8FDC-42A3-9474-1A3956D46DE8}") = "PIPFrameworkCentennialIdl", "PIPFrameworkCentennialIdl", "{A7B7754F-5D54-40E7-9D66-51C6B43C95E2}"
EndProject
Project("{2150E333-8FDC-42A3-9474-1A3956D46DE8}") = "PIPMainPackageMsix", "PIPMainPackageMsix", "{F104C464-FA7E-4D90-BC8D-93F6A8A9F6E2}"
EndProject
Project("{2150E333-8FDC-42A3-9474-1A3956D46DE8}") = "PIPFrameworkPackageMsix", "PIPFrameworkPackageMsix", "{B1C24E4F-0636-4DE4-B9B8-520F53BF7C9A}"
EndProject
Project("{8BC9CEB8-8B4A-11D0-8D11-00A0C91BC942}") = "PIPDDLMProxyStub", "dev\PlatformIntegrationPackage\PIPMainPackage\PIPDDLMProxyStub\PIPDDLMProxyStub.vcxproj", "{1A41BB90-CC34-4EDD-9A27-50714CDBC169}"
EndProject
Project("{8BC9CEB8-8B4A-11D0-8D11-00A0C91BC942}") = "PIPDDLM", "dev\PlatformIntegrationPackage\PIPMainPackage\PIPDDLM\PIPDDLM.vcxproj", "{417051C2-259E-4051-947B-0A246E1B1709}"
EndProject
Project("{8BC9CEB8-8B4A-11D0-8D11-00A0C91BC942}") = "PIPCentennialMainExe", "dev\PlatformIntegrationPackage\PIPMainPackage\PIPCentennialMainExe\PIPCentennialMainExe.vcxproj", "{FB5F8675-31F8-4CEE-A90A-CD5DE11195B9}"
EndProject
Project("{8BC9CEB8-8B4A-11D0-8D11-00A0C91BC942}") = "PIPMain.Msix", "dev\PlatformIntegrationPackage\PIPMainPackage\PIPMainPackage\PIPMain.Msix.vcxproj", "{9D26CEF7-DFB8-456F-8440-8417202BF575}"
EndProject
Project("{8BC9CEB8-8B4A-11D0-8D11-00A0C91BC942}") = "PIPBasicLogFile", "dev\PlatformIntegrationPackage\PIPFrameworkPackage\PIPFrameworkCommon\PIPBasicLogFile.vcxproj", "{7B3836CC-3CF8-4B1D-A63D-D6A557DFF05A}"
EndProject
Project("{8BC9CEB8-8B4A-11D0-8D11-00A0C91BC942}") = "PIPFrameworkCentennialIdl", "dev\PlatformIntegrationPackage\PIPFrameworkPackage\PIPCentennialApp\idl\PIPFrameworkCentennialIdl.vcxproj", "{A626A504-2BE0-4BBE-BBB3-6EAD1541DBF4}"
EndProject
Project("{8BC9CEB8-8B4A-11D0-8D11-00A0C91BC942}") = "PIPFrameworkCentennialDll", "dev\PlatformIntegrationPackage\PIPFrameworkPackage\PIPCentennialApp\dll\PIPFrameworkCentennialDll.vcxproj", "{7B1BECA1-D836-400C-9F1F-CAFA79F56BA6}"
EndProject
Project("{8BC9CEB8-8B4A-11D0-8D11-00A0C91BC942}") = "PIPFrameworkCentennialLib", "dev\PlatformIntegrationPackage\PIPFrameworkPackage\PIPCentennialApp\lib\PIPFrameworkCentennialLib.vcxproj", "{60E1A5BE-FBAA-4AD5-AB14-E3DB5FFCD8C7}"
EndProject
Project("{8BC9CEB8-8B4A-11D0-8D11-00A0C91BC942}") = "PIPFramework.Msix", "dev\PlatformIntegrationPackage\PIPFrameworkPackage\PIPFrameworkPackage\PIPFramework.Msix.vcxproj", "{DA355260-BEB9-4D65-BCA5-379DFC4908E9}"
EndProject
Global
	GlobalSection(SharedMSBuildProjectFiles) = preSolution
		dev\SampleWinRT\SampleWinRT.vcxitems*{0de4fefe-5471-4b50-b74b-d817a02b7f0d}*SharedItemsImports = 9
		test\CppShared\CppShared.vcxitems*{682ded8c-3a27-48cd-866d-e853ea2024de}*SharedItemsImports = 9
		test\CppShared\CppShared.vcxitems*{b1a6f5ec-5418-4354-bacf-f7d998ee960d}*SharedItemsImports = 4
		dev\SampleFlatC\SampleFlatC.vcxitems*{b73ad907-6164-4294-88fb-f3c9c10da1f1}*SharedItemsImports = 4
		dev\SampleWinRT\SampleWinRT.vcxitems*{b73ad907-6164-4294-88fb-f3c9c10da1f1}*SharedItemsImports = 4
		test\CppShared\CppShared.vcxitems*{c62688a1-16a0-4729-b6ed-842f4faa29f3}*SharedItemsImports = 4
		dev\SampleFlatC\SampleFlatC.vcxitems*{cdce22ec-f7bf-43d4-95d8-2e786229a4e5}*SharedItemsImports = 9
	EndGlobalSection
	GlobalSection(SolutionConfigurationPlatforms) = preSolution
		Debug_test|Any CPU = Debug_test|Any CPU
		Debug_test|ARM = Debug_test|ARM
		Debug_test|ARM64 = Debug_test|ARM64
		Debug_test|x64 = Debug_test|x64
		Debug_test|x86 = Debug_test|x86
		Debug|Any CPU = Debug|Any CPU
		Debug|ARM = Debug|ARM
		Debug|ARM64 = Debug|ARM64
		Debug|x64 = Debug|x64
		Debug|x86 = Debug|x86
		Release|Any CPU = Release|Any CPU
		Release|ARM = Release|ARM
		Release|ARM64 = Release|ARM64
		Release|x64 = Release|x64
		Release|x86 = Release|x86
	EndGlobalSection
	GlobalSection(ProjectConfigurationPlatforms) = postSolution
		{B73AD907-6164-4294-88FB-F3C9C10DA1F1}.Debug_test|Any CPU.ActiveCfg = Release|Win32
		{B73AD907-6164-4294-88FB-F3C9C10DA1F1}.Debug_test|Any CPU.Build.0 = Release|Win32
		{B73AD907-6164-4294-88FB-F3C9C10DA1F1}.Debug_test|ARM.ActiveCfg = Debug|ARM
		{B73AD907-6164-4294-88FB-F3C9C10DA1F1}.Debug_test|ARM.Build.0 = Debug|ARM
		{B73AD907-6164-4294-88FB-F3C9C10DA1F1}.Debug_test|ARM64.ActiveCfg = Debug|ARM64
		{B73AD907-6164-4294-88FB-F3C9C10DA1F1}.Debug_test|ARM64.Build.0 = Debug|ARM64
		{B73AD907-6164-4294-88FB-F3C9C10DA1F1}.Debug_test|x64.ActiveCfg = Debug|x64
		{B73AD907-6164-4294-88FB-F3C9C10DA1F1}.Debug_test|x64.Build.0 = Debug|x64
		{B73AD907-6164-4294-88FB-F3C9C10DA1F1}.Debug_test|x86.ActiveCfg = Debug|Win32
		{B73AD907-6164-4294-88FB-F3C9C10DA1F1}.Debug_test|x86.Build.0 = Debug|Win32
		{B73AD907-6164-4294-88FB-F3C9C10DA1F1}.Debug|Any CPU.ActiveCfg = Debug|Win32
		{B73AD907-6164-4294-88FB-F3C9C10DA1F1}.Debug|ARM.ActiveCfg = Debug|ARM
		{B73AD907-6164-4294-88FB-F3C9C10DA1F1}.Debug|ARM.Build.0 = Debug|ARM
		{B73AD907-6164-4294-88FB-F3C9C10DA1F1}.Debug|ARM64.ActiveCfg = Debug|ARM64
		{B73AD907-6164-4294-88FB-F3C9C10DA1F1}.Debug|ARM64.Build.0 = Debug|ARM64
		{B73AD907-6164-4294-88FB-F3C9C10DA1F1}.Debug|x64.ActiveCfg = Debug|x64
		{B73AD907-6164-4294-88FB-F3C9C10DA1F1}.Debug|x64.Build.0 = Debug|x64
		{B73AD907-6164-4294-88FB-F3C9C10DA1F1}.Debug|x86.ActiveCfg = Debug|Win32
		{B73AD907-6164-4294-88FB-F3C9C10DA1F1}.Debug|x86.Build.0 = Debug|Win32
		{B73AD907-6164-4294-88FB-F3C9C10DA1F1}.Release|Any CPU.ActiveCfg = Release|Win32
		{B73AD907-6164-4294-88FB-F3C9C10DA1F1}.Release|ARM.ActiveCfg = Release|ARM
		{B73AD907-6164-4294-88FB-F3C9C10DA1F1}.Release|ARM.Build.0 = Release|ARM
		{B73AD907-6164-4294-88FB-F3C9C10DA1F1}.Release|ARM64.ActiveCfg = Release|ARM64
		{B73AD907-6164-4294-88FB-F3C9C10DA1F1}.Release|ARM64.Build.0 = Release|ARM64
		{B73AD907-6164-4294-88FB-F3C9C10DA1F1}.Release|x64.ActiveCfg = Release|x64
		{B73AD907-6164-4294-88FB-F3C9C10DA1F1}.Release|x64.Build.0 = Release|x64
		{B73AD907-6164-4294-88FB-F3C9C10DA1F1}.Release|x86.ActiveCfg = Release|Win32
		{B73AD907-6164-4294-88FB-F3C9C10DA1F1}.Release|x86.Build.0 = Release|Win32
		{C62688A1-16A0-4729-B6ED-842F4FAA29F3}.Debug_test|Any CPU.ActiveCfg = Release|Win32
		{C62688A1-16A0-4729-B6ED-842F4FAA29F3}.Debug_test|Any CPU.Build.0 = Release|Win32
		{C62688A1-16A0-4729-B6ED-842F4FAA29F3}.Debug_test|ARM.ActiveCfg = Debug|ARM
		{C62688A1-16A0-4729-B6ED-842F4FAA29F3}.Debug_test|ARM.Build.0 = Debug|ARM
		{C62688A1-16A0-4729-B6ED-842F4FAA29F3}.Debug_test|ARM64.ActiveCfg = Debug|ARM64
		{C62688A1-16A0-4729-B6ED-842F4FAA29F3}.Debug_test|ARM64.Build.0 = Debug|ARM64
		{C62688A1-16A0-4729-B6ED-842F4FAA29F3}.Debug_test|x64.ActiveCfg = Debug|x64
		{C62688A1-16A0-4729-B6ED-842F4FAA29F3}.Debug_test|x64.Build.0 = Debug|x64
		{C62688A1-16A0-4729-B6ED-842F4FAA29F3}.Debug_test|x86.ActiveCfg = Debug|Win32
		{C62688A1-16A0-4729-B6ED-842F4FAA29F3}.Debug_test|x86.Build.0 = Debug|Win32
		{C62688A1-16A0-4729-B6ED-842F4FAA29F3}.Debug|Any CPU.ActiveCfg = Debug|Win32
		{C62688A1-16A0-4729-B6ED-842F4FAA29F3}.Debug|ARM.ActiveCfg = Debug|ARM
		{C62688A1-16A0-4729-B6ED-842F4FAA29F3}.Debug|ARM.Build.0 = Debug|ARM
		{C62688A1-16A0-4729-B6ED-842F4FAA29F3}.Debug|ARM64.ActiveCfg = Debug|ARM64
		{C62688A1-16A0-4729-B6ED-842F4FAA29F3}.Debug|x64.ActiveCfg = Debug|x64
		{C62688A1-16A0-4729-B6ED-842F4FAA29F3}.Debug|x64.Build.0 = Debug|x64
		{C62688A1-16A0-4729-B6ED-842F4FAA29F3}.Debug|x86.ActiveCfg = Debug|Win32
		{C62688A1-16A0-4729-B6ED-842F4FAA29F3}.Debug|x86.Build.0 = Debug|Win32
		{C62688A1-16A0-4729-B6ED-842F4FAA29F3}.Release|Any CPU.ActiveCfg = Release|Win32
		{C62688A1-16A0-4729-B6ED-842F4FAA29F3}.Release|ARM.ActiveCfg = Release|ARM
		{C62688A1-16A0-4729-B6ED-842F4FAA29F3}.Release|ARM.Build.0 = Release|ARM
		{C62688A1-16A0-4729-B6ED-842F4FAA29F3}.Release|ARM64.ActiveCfg = Release|ARM64
		{C62688A1-16A0-4729-B6ED-842F4FAA29F3}.Release|x64.ActiveCfg = Release|x64
		{C62688A1-16A0-4729-B6ED-842F4FAA29F3}.Release|x64.Build.0 = Release|x64
		{C62688A1-16A0-4729-B6ED-842F4FAA29F3}.Release|x86.ActiveCfg = Release|Win32
		{C62688A1-16A0-4729-B6ED-842F4FAA29F3}.Release|x86.Build.0 = Release|Win32
		{B1A6F5EC-5418-4354-BACF-F7D998EE960D}.Debug_test|Any CPU.ActiveCfg = Release|Win32
		{B1A6F5EC-5418-4354-BACF-F7D998EE960D}.Debug_test|Any CPU.Build.0 = Release|Win32
		{B1A6F5EC-5418-4354-BACF-F7D998EE960D}.Debug_test|Any CPU.Deploy.0 = Release|Win32
		{B1A6F5EC-5418-4354-BACF-F7D998EE960D}.Debug_test|ARM.ActiveCfg = Debug|ARM
		{B1A6F5EC-5418-4354-BACF-F7D998EE960D}.Debug_test|ARM.Build.0 = Debug|ARM
		{B1A6F5EC-5418-4354-BACF-F7D998EE960D}.Debug_test|ARM.Deploy.0 = Debug|ARM
		{B1A6F5EC-5418-4354-BACF-F7D998EE960D}.Debug_test|ARM64.ActiveCfg = Debug|ARM64
		{B1A6F5EC-5418-4354-BACF-F7D998EE960D}.Debug_test|ARM64.Build.0 = Debug|ARM64
		{B1A6F5EC-5418-4354-BACF-F7D998EE960D}.Debug_test|ARM64.Deploy.0 = Debug|ARM64
		{B1A6F5EC-5418-4354-BACF-F7D998EE960D}.Debug_test|x64.ActiveCfg = Debug|x64
		{B1A6F5EC-5418-4354-BACF-F7D998EE960D}.Debug_test|x64.Build.0 = Debug|x64
		{B1A6F5EC-5418-4354-BACF-F7D998EE960D}.Debug_test|x64.Deploy.0 = Debug|x64
		{B1A6F5EC-5418-4354-BACF-F7D998EE960D}.Debug_test|x86.ActiveCfg = Debug|Win32
		{B1A6F5EC-5418-4354-BACF-F7D998EE960D}.Debug_test|x86.Build.0 = Debug|Win32
		{B1A6F5EC-5418-4354-BACF-F7D998EE960D}.Debug_test|x86.Deploy.0 = Debug|Win32
		{B1A6F5EC-5418-4354-BACF-F7D998EE960D}.Debug|Any CPU.ActiveCfg = Debug|Win32
		{B1A6F5EC-5418-4354-BACF-F7D998EE960D}.Debug|ARM.ActiveCfg = Debug|ARM
		{B1A6F5EC-5418-4354-BACF-F7D998EE960D}.Debug|ARM.Build.0 = Debug|ARM
		{B1A6F5EC-5418-4354-BACF-F7D998EE960D}.Debug|ARM.Deploy.0 = Debug|ARM
		{B1A6F5EC-5418-4354-BACF-F7D998EE960D}.Debug|ARM64.ActiveCfg = Debug|ARM64
		{B1A6F5EC-5418-4354-BACF-F7D998EE960D}.Debug|ARM64.Deploy.0 = Debug|ARM64
		{B1A6F5EC-5418-4354-BACF-F7D998EE960D}.Debug|x64.ActiveCfg = Debug|x64
		{B1A6F5EC-5418-4354-BACF-F7D998EE960D}.Debug|x64.Build.0 = Debug|x64
		{B1A6F5EC-5418-4354-BACF-F7D998EE960D}.Debug|x64.Deploy.0 = Debug|x64
		{B1A6F5EC-5418-4354-BACF-F7D998EE960D}.Debug|x86.ActiveCfg = Debug|Win32
		{B1A6F5EC-5418-4354-BACF-F7D998EE960D}.Debug|x86.Build.0 = Debug|Win32
		{B1A6F5EC-5418-4354-BACF-F7D998EE960D}.Debug|x86.Deploy.0 = Debug|Win32
		{B1A6F5EC-5418-4354-BACF-F7D998EE960D}.Release|Any CPU.ActiveCfg = Release|Win32
		{B1A6F5EC-5418-4354-BACF-F7D998EE960D}.Release|ARM.ActiveCfg = Release|ARM
		{B1A6F5EC-5418-4354-BACF-F7D998EE960D}.Release|ARM.Build.0 = Release|ARM
		{B1A6F5EC-5418-4354-BACF-F7D998EE960D}.Release|ARM.Deploy.0 = Release|ARM
		{B1A6F5EC-5418-4354-BACF-F7D998EE960D}.Release|ARM64.ActiveCfg = Release|ARM64
		{B1A6F5EC-5418-4354-BACF-F7D998EE960D}.Release|ARM64.Deploy.0 = Release|ARM64
		{B1A6F5EC-5418-4354-BACF-F7D998EE960D}.Release|x64.ActiveCfg = Release|x64
		{B1A6F5EC-5418-4354-BACF-F7D998EE960D}.Release|x64.Build.0 = Release|x64
		{B1A6F5EC-5418-4354-BACF-F7D998EE960D}.Release|x64.Deploy.0 = Release|x64
		{B1A6F5EC-5418-4354-BACF-F7D998EE960D}.Release|x86.ActiveCfg = Release|Win32
		{B1A6F5EC-5418-4354-BACF-F7D998EE960D}.Release|x86.Build.0 = Release|Win32
		{B1A6F5EC-5418-4354-BACF-F7D998EE960D}.Release|x86.Deploy.0 = Release|Win32
		{064C0A6B-10EA-4A40-826C-CF53903EBCB9}.Debug_test|Any CPU.ActiveCfg = Debug|Win32
		{064C0A6B-10EA-4A40-826C-CF53903EBCB9}.Debug_test|Any CPU.Build.0 = Debug|Win32
		{064C0A6B-10EA-4A40-826C-CF53903EBCB9}.Debug_test|ARM.ActiveCfg = Debug|arm
		{064C0A6B-10EA-4A40-826C-CF53903EBCB9}.Debug_test|ARM.Build.0 = Debug|arm
		{064C0A6B-10EA-4A40-826C-CF53903EBCB9}.Debug_test|ARM64.ActiveCfg = Debug|Win32
		{064C0A6B-10EA-4A40-826C-CF53903EBCB9}.Debug_test|ARM64.Build.0 = Debug|Win32
		{064C0A6B-10EA-4A40-826C-CF53903EBCB9}.Debug_test|x64.ActiveCfg = Debug|x64
		{064C0A6B-10EA-4A40-826C-CF53903EBCB9}.Debug_test|x64.Build.0 = Debug|x64
		{064C0A6B-10EA-4A40-826C-CF53903EBCB9}.Debug_test|x86.ActiveCfg = Debug|Win32
		{064C0A6B-10EA-4A40-826C-CF53903EBCB9}.Debug_test|x86.Build.0 = Debug|Win32
		{064C0A6B-10EA-4A40-826C-CF53903EBCB9}.Debug|Any CPU.ActiveCfg = Debug|Win32
		{064C0A6B-10EA-4A40-826C-CF53903EBCB9}.Debug|ARM.ActiveCfg = Debug|arm
		{064C0A6B-10EA-4A40-826C-CF53903EBCB9}.Debug|ARM.Build.0 = Debug|arm
		{064C0A6B-10EA-4A40-826C-CF53903EBCB9}.Debug|ARM64.ActiveCfg = Debug|Win32
		{064C0A6B-10EA-4A40-826C-CF53903EBCB9}.Debug|x64.ActiveCfg = Debug|x64
		{064C0A6B-10EA-4A40-826C-CF53903EBCB9}.Debug|x64.Build.0 = Debug|x64
		{064C0A6B-10EA-4A40-826C-CF53903EBCB9}.Debug|x86.ActiveCfg = Debug|Win32
		{064C0A6B-10EA-4A40-826C-CF53903EBCB9}.Debug|x86.Build.0 = Debug|Win32
		{064C0A6B-10EA-4A40-826C-CF53903EBCB9}.Release|Any CPU.ActiveCfg = Release|Win32
		{064C0A6B-10EA-4A40-826C-CF53903EBCB9}.Release|ARM.ActiveCfg = Release|arm
		{064C0A6B-10EA-4A40-826C-CF53903EBCB9}.Release|ARM.Build.0 = Release|arm
		{064C0A6B-10EA-4A40-826C-CF53903EBCB9}.Release|ARM64.ActiveCfg = Release|Win32
		{064C0A6B-10EA-4A40-826C-CF53903EBCB9}.Release|x64.ActiveCfg = Release|x64
		{064C0A6B-10EA-4A40-826C-CF53903EBCB9}.Release|x64.Build.0 = Release|x64
		{064C0A6B-10EA-4A40-826C-CF53903EBCB9}.Release|x86.ActiveCfg = Release|Win32
		{064C0A6B-10EA-4A40-826C-CF53903EBCB9}.Release|x86.Build.0 = Release|Win32
		{1F248AFD-5F0C-401E-B20E-762009E93DD6}.Debug_test|Any CPU.ActiveCfg = Debug|Win32
		{1F248AFD-5F0C-401E-B20E-762009E93DD6}.Debug_test|Any CPU.Build.0 = Debug|Win32
		{1F248AFD-5F0C-401E-B20E-762009E93DD6}.Debug_test|ARM.ActiveCfg = Debug|arm
		{1F248AFD-5F0C-401E-B20E-762009E93DD6}.Debug_test|ARM.Build.0 = Debug|arm
		{1F248AFD-5F0C-401E-B20E-762009E93DD6}.Debug_test|ARM64.ActiveCfg = Debug|Win32
		{1F248AFD-5F0C-401E-B20E-762009E93DD6}.Debug_test|ARM64.Build.0 = Debug|Win32
		{1F248AFD-5F0C-401E-B20E-762009E93DD6}.Debug_test|x64.ActiveCfg = Debug|x64
		{1F248AFD-5F0C-401E-B20E-762009E93DD6}.Debug_test|x64.Build.0 = Debug|x64
		{1F248AFD-5F0C-401E-B20E-762009E93DD6}.Debug_test|x86.ActiveCfg = Debug|Win32
		{1F248AFD-5F0C-401E-B20E-762009E93DD6}.Debug_test|x86.Build.0 = Debug|Win32
		{1F248AFD-5F0C-401E-B20E-762009E93DD6}.Debug|Any CPU.ActiveCfg = Debug|Win32
		{1F248AFD-5F0C-401E-B20E-762009E93DD6}.Debug|ARM.ActiveCfg = Debug|arm
		{1F248AFD-5F0C-401E-B20E-762009E93DD6}.Debug|ARM.Build.0 = Debug|arm
		{1F248AFD-5F0C-401E-B20E-762009E93DD6}.Debug|ARM64.ActiveCfg = Debug|Win32
		{1F248AFD-5F0C-401E-B20E-762009E93DD6}.Debug|x64.ActiveCfg = Debug|x64
		{1F248AFD-5F0C-401E-B20E-762009E93DD6}.Debug|x64.Build.0 = Debug|x64
		{1F248AFD-5F0C-401E-B20E-762009E93DD6}.Debug|x86.ActiveCfg = Debug|Win32
		{1F248AFD-5F0C-401E-B20E-762009E93DD6}.Debug|x86.Build.0 = Debug|Win32
		{1F248AFD-5F0C-401E-B20E-762009E93DD6}.Release|Any CPU.ActiveCfg = Release|Win32
		{1F248AFD-5F0C-401E-B20E-762009E93DD6}.Release|ARM.ActiveCfg = Release|arm
		{1F248AFD-5F0C-401E-B20E-762009E93DD6}.Release|ARM.Build.0 = Release|arm
		{1F248AFD-5F0C-401E-B20E-762009E93DD6}.Release|ARM64.ActiveCfg = Release|Win32
		{1F248AFD-5F0C-401E-B20E-762009E93DD6}.Release|x64.ActiveCfg = Release|x64
		{1F248AFD-5F0C-401E-B20E-762009E93DD6}.Release|x64.Build.0 = Release|x64
		{1F248AFD-5F0C-401E-B20E-762009E93DD6}.Release|x86.ActiveCfg = Release|Win32
		{1F248AFD-5F0C-401E-B20E-762009E93DD6}.Release|x86.Build.0 = Release|Win32
		{DE1EEC43-3820-40A4-9B67-0FBE0CE16B02}.Debug_test|Any CPU.ActiveCfg = Debug|Win32
		{DE1EEC43-3820-40A4-9B67-0FBE0CE16B02}.Debug_test|Any CPU.Build.0 = Debug|Win32
		{DE1EEC43-3820-40A4-9B67-0FBE0CE16B02}.Debug_test|ARM.ActiveCfg = Debug|arm
		{DE1EEC43-3820-40A4-9B67-0FBE0CE16B02}.Debug_test|ARM.Build.0 = Debug|arm
		{DE1EEC43-3820-40A4-9B67-0FBE0CE16B02}.Debug_test|ARM64.ActiveCfg = Debug|Win32
		{DE1EEC43-3820-40A4-9B67-0FBE0CE16B02}.Debug_test|ARM64.Build.0 = Debug|Win32
		{DE1EEC43-3820-40A4-9B67-0FBE0CE16B02}.Debug_test|x64.ActiveCfg = Debug|x64
		{DE1EEC43-3820-40A4-9B67-0FBE0CE16B02}.Debug_test|x64.Build.0 = Debug|x64
		{DE1EEC43-3820-40A4-9B67-0FBE0CE16B02}.Debug_test|x86.ActiveCfg = Debug|Win32
		{DE1EEC43-3820-40A4-9B67-0FBE0CE16B02}.Debug_test|x86.Build.0 = Debug|Win32
		{DE1EEC43-3820-40A4-9B67-0FBE0CE16B02}.Debug|Any CPU.ActiveCfg = Debug|Win32
		{DE1EEC43-3820-40A4-9B67-0FBE0CE16B02}.Debug|ARM.ActiveCfg = Debug|arm
		{DE1EEC43-3820-40A4-9B67-0FBE0CE16B02}.Debug|ARM.Build.0 = Debug|arm
		{DE1EEC43-3820-40A4-9B67-0FBE0CE16B02}.Debug|ARM64.ActiveCfg = Debug|Win32
		{DE1EEC43-3820-40A4-9B67-0FBE0CE16B02}.Debug|x64.ActiveCfg = Debug|x64
		{DE1EEC43-3820-40A4-9B67-0FBE0CE16B02}.Debug|x64.Build.0 = Debug|x64
		{DE1EEC43-3820-40A4-9B67-0FBE0CE16B02}.Debug|x86.ActiveCfg = Debug|Win32
		{DE1EEC43-3820-40A4-9B67-0FBE0CE16B02}.Debug|x86.Build.0 = Debug|Win32
		{DE1EEC43-3820-40A4-9B67-0FBE0CE16B02}.Release|Any CPU.ActiveCfg = Release|Win32
		{DE1EEC43-3820-40A4-9B67-0FBE0CE16B02}.Release|ARM.ActiveCfg = Release|arm
		{DE1EEC43-3820-40A4-9B67-0FBE0CE16B02}.Release|ARM.Build.0 = Release|arm
		{DE1EEC43-3820-40A4-9B67-0FBE0CE16B02}.Release|ARM64.ActiveCfg = Release|Win32
		{DE1EEC43-3820-40A4-9B67-0FBE0CE16B02}.Release|x64.ActiveCfg = Release|x64
		{DE1EEC43-3820-40A4-9B67-0FBE0CE16B02}.Release|x64.Build.0 = Release|x64
		{DE1EEC43-3820-40A4-9B67-0FBE0CE16B02}.Release|x86.ActiveCfg = Release|Win32
		{DE1EEC43-3820-40A4-9B67-0FBE0CE16B02}.Release|x86.Build.0 = Release|Win32
		{8E58165B-CB6E-412B-A9C3-2AA89F0D473F}.Debug_test|Any CPU.ActiveCfg = Debug|Win32
		{8E58165B-CB6E-412B-A9C3-2AA89F0D473F}.Debug_test|Any CPU.Build.0 = Debug|Win32
		{8E58165B-CB6E-412B-A9C3-2AA89F0D473F}.Debug_test|ARM.ActiveCfg = Debug|arm
		{8E58165B-CB6E-412B-A9C3-2AA89F0D473F}.Debug_test|ARM.Build.0 = Debug|arm
		{8E58165B-CB6E-412B-A9C3-2AA89F0D473F}.Debug_test|ARM64.ActiveCfg = Debug|Win32
		{8E58165B-CB6E-412B-A9C3-2AA89F0D473F}.Debug_test|ARM64.Build.0 = Debug|Win32
		{8E58165B-CB6E-412B-A9C3-2AA89F0D473F}.Debug_test|x64.ActiveCfg = Debug|x64
		{8E58165B-CB6E-412B-A9C3-2AA89F0D473F}.Debug_test|x64.Build.0 = Debug|x64
		{8E58165B-CB6E-412B-A9C3-2AA89F0D473F}.Debug_test|x86.ActiveCfg = Debug|Win32
		{8E58165B-CB6E-412B-A9C3-2AA89F0D473F}.Debug_test|x86.Build.0 = Debug|Win32
		{8E58165B-CB6E-412B-A9C3-2AA89F0D473F}.Debug|Any CPU.ActiveCfg = Debug|Win32
		{8E58165B-CB6E-412B-A9C3-2AA89F0D473F}.Debug|ARM.ActiveCfg = Debug|arm
		{8E58165B-CB6E-412B-A9C3-2AA89F0D473F}.Debug|ARM.Build.0 = Debug|arm
		{8E58165B-CB6E-412B-A9C3-2AA89F0D473F}.Debug|ARM64.ActiveCfg = Debug|Win32
		{8E58165B-CB6E-412B-A9C3-2AA89F0D473F}.Debug|x64.ActiveCfg = Debug|x64
		{8E58165B-CB6E-412B-A9C3-2AA89F0D473F}.Debug|x64.Build.0 = Debug|x64
		{8E58165B-CB6E-412B-A9C3-2AA89F0D473F}.Debug|x86.ActiveCfg = Debug|Win32
		{8E58165B-CB6E-412B-A9C3-2AA89F0D473F}.Debug|x86.Build.0 = Debug|Win32
		{8E58165B-CB6E-412B-A9C3-2AA89F0D473F}.Release|Any CPU.ActiveCfg = Release|Win32
		{8E58165B-CB6E-412B-A9C3-2AA89F0D473F}.Release|ARM.ActiveCfg = Release|arm
		{8E58165B-CB6E-412B-A9C3-2AA89F0D473F}.Release|ARM.Build.0 = Release|arm
		{8E58165B-CB6E-412B-A9C3-2AA89F0D473F}.Release|ARM64.ActiveCfg = Release|Win32
		{8E58165B-CB6E-412B-A9C3-2AA89F0D473F}.Release|x64.ActiveCfg = Release|x64
		{8E58165B-CB6E-412B-A9C3-2AA89F0D473F}.Release|x64.Build.0 = Release|x64
		{8E58165B-CB6E-412B-A9C3-2AA89F0D473F}.Release|x86.ActiveCfg = Release|Win32
		{8E58165B-CB6E-412B-A9C3-2AA89F0D473F}.Release|x86.Build.0 = Release|Win32
		{1A41BB90-CC34-4EDD-9A27-50714CDBC169}.Debug_test|Any CPU.ActiveCfg = Debug|Win32
		{1A41BB90-CC34-4EDD-9A27-50714CDBC169}.Debug_test|Any CPU.Build.0 = Debug|Win32
		{1A41BB90-CC34-4EDD-9A27-50714CDBC169}.Debug_test|ARM.ActiveCfg = Debug|ARM
		{1A41BB90-CC34-4EDD-9A27-50714CDBC169}.Debug_test|ARM.Build.0 = Debug|ARM
		{1A41BB90-CC34-4EDD-9A27-50714CDBC169}.Debug_test|ARM64.ActiveCfg = Debug|ARM64
		{1A41BB90-CC34-4EDD-9A27-50714CDBC169}.Debug_test|ARM64.Build.0 = Debug|ARM64
		{1A41BB90-CC34-4EDD-9A27-50714CDBC169}.Debug_test|x64.ActiveCfg = Debug|x64
		{1A41BB90-CC34-4EDD-9A27-50714CDBC169}.Debug_test|x64.Build.0 = Debug|x64
		{1A41BB90-CC34-4EDD-9A27-50714CDBC169}.Debug_test|x86.ActiveCfg = Debug|Win32
		{1A41BB90-CC34-4EDD-9A27-50714CDBC169}.Debug_test|x86.Build.0 = Debug|Win32
		{1A41BB90-CC34-4EDD-9A27-50714CDBC169}.Debug|Any CPU.ActiveCfg = Debug|Win32
		{1A41BB90-CC34-4EDD-9A27-50714CDBC169}.Debug|ARM.ActiveCfg = Debug|ARM
		{1A41BB90-CC34-4EDD-9A27-50714CDBC169}.Debug|ARM.Build.0 = Debug|ARM
		{1A41BB90-CC34-4EDD-9A27-50714CDBC169}.Debug|ARM64.ActiveCfg = Debug|ARM64
		{1A41BB90-CC34-4EDD-9A27-50714CDBC169}.Debug|ARM64.Build.0 = Debug|ARM64
		{1A41BB90-CC34-4EDD-9A27-50714CDBC169}.Debug|x64.ActiveCfg = Debug|x64
		{1A41BB90-CC34-4EDD-9A27-50714CDBC169}.Debug|x64.Build.0 = Debug|x64
		{1A41BB90-CC34-4EDD-9A27-50714CDBC169}.Debug|x86.ActiveCfg = Debug|Win32
		{1A41BB90-CC34-4EDD-9A27-50714CDBC169}.Debug|x86.Build.0 = Debug|Win32
		{1A41BB90-CC34-4EDD-9A27-50714CDBC169}.Release|Any CPU.ActiveCfg = Release|Win32
		{1A41BB90-CC34-4EDD-9A27-50714CDBC169}.Release|ARM.ActiveCfg = Release|ARM
		{1A41BB90-CC34-4EDD-9A27-50714CDBC169}.Release|ARM.Build.0 = Release|ARM
		{1A41BB90-CC34-4EDD-9A27-50714CDBC169}.Release|ARM64.ActiveCfg = Release|ARM64
		{1A41BB90-CC34-4EDD-9A27-50714CDBC169}.Release|ARM64.Build.0 = Release|ARM64
		{1A41BB90-CC34-4EDD-9A27-50714CDBC169}.Release|x64.ActiveCfg = Release|x64
		{1A41BB90-CC34-4EDD-9A27-50714CDBC169}.Release|x64.Build.0 = Release|x64
		{1A41BB90-CC34-4EDD-9A27-50714CDBC169}.Release|x86.ActiveCfg = Release|Win32
		{1A41BB90-CC34-4EDD-9A27-50714CDBC169}.Release|x86.Build.0 = Release|Win32
		{417051C2-259E-4051-947B-0A246E1B1709}.Debug_test|Any CPU.ActiveCfg = Debug|Win32
		{417051C2-259E-4051-947B-0A246E1B1709}.Debug_test|Any CPU.Build.0 = Debug|Win32
		{417051C2-259E-4051-947B-0A246E1B1709}.Debug_test|ARM.ActiveCfg = Debug|ARM
		{417051C2-259E-4051-947B-0A246E1B1709}.Debug_test|ARM.Build.0 = Debug|ARM
		{417051C2-259E-4051-947B-0A246E1B1709}.Debug_test|ARM64.ActiveCfg = Debug|ARM64
		{417051C2-259E-4051-947B-0A246E1B1709}.Debug_test|ARM64.Build.0 = Debug|ARM64
		{417051C2-259E-4051-947B-0A246E1B1709}.Debug_test|x64.ActiveCfg = Debug|x64
		{417051C2-259E-4051-947B-0A246E1B1709}.Debug_test|x64.Build.0 = Debug|x64
		{417051C2-259E-4051-947B-0A246E1B1709}.Debug_test|x86.ActiveCfg = Debug|Win32
		{417051C2-259E-4051-947B-0A246E1B1709}.Debug_test|x86.Build.0 = Debug|Win32
		{417051C2-259E-4051-947B-0A246E1B1709}.Debug|Any CPU.ActiveCfg = Debug|Win32
		{417051C2-259E-4051-947B-0A246E1B1709}.Debug|ARM.ActiveCfg = Debug|ARM
		{417051C2-259E-4051-947B-0A246E1B1709}.Debug|ARM.Build.0 = Debug|ARM
		{417051C2-259E-4051-947B-0A246E1B1709}.Debug|ARM64.ActiveCfg = Debug|ARM64
		{417051C2-259E-4051-947B-0A246E1B1709}.Debug|ARM64.Build.0 = Debug|ARM64
		{417051C2-259E-4051-947B-0A246E1B1709}.Debug|x64.ActiveCfg = Debug|x64
		{417051C2-259E-4051-947B-0A246E1B1709}.Debug|x64.Build.0 = Debug|x64
		{417051C2-259E-4051-947B-0A246E1B1709}.Debug|x86.ActiveCfg = Debug|Win32
		{417051C2-259E-4051-947B-0A246E1B1709}.Debug|x86.Build.0 = Debug|Win32
		{417051C2-259E-4051-947B-0A246E1B1709}.Release|Any CPU.ActiveCfg = Release|Win32
		{417051C2-259E-4051-947B-0A246E1B1709}.Release|ARM.ActiveCfg = Release|ARM
		{417051C2-259E-4051-947B-0A246E1B1709}.Release|ARM.Build.0 = Release|ARM
		{417051C2-259E-4051-947B-0A246E1B1709}.Release|ARM64.ActiveCfg = Release|ARM64
		{417051C2-259E-4051-947B-0A246E1B1709}.Release|ARM64.Build.0 = Release|ARM64
		{417051C2-259E-4051-947B-0A246E1B1709}.Release|x64.ActiveCfg = Release|x64
		{417051C2-259E-4051-947B-0A246E1B1709}.Release|x64.Build.0 = Release|x64
		{417051C2-259E-4051-947B-0A246E1B1709}.Release|x86.ActiveCfg = Release|Win32
		{417051C2-259E-4051-947B-0A246E1B1709}.Release|x86.Build.0 = Release|Win32
		{FB5F8675-31F8-4CEE-A90A-CD5DE11195B9}.Debug_test|Any CPU.ActiveCfg = Debug|Win32
		{FB5F8675-31F8-4CEE-A90A-CD5DE11195B9}.Debug_test|Any CPU.Build.0 = Debug|Win32
		{FB5F8675-31F8-4CEE-A90A-CD5DE11195B9}.Debug_test|ARM.ActiveCfg = Debug|arm
		{FB5F8675-31F8-4CEE-A90A-CD5DE11195B9}.Debug_test|ARM.Build.0 = Debug|arm
		{FB5F8675-31F8-4CEE-A90A-CD5DE11195B9}.Debug_test|ARM64.ActiveCfg = Debug|Win32
		{FB5F8675-31F8-4CEE-A90A-CD5DE11195B9}.Debug_test|ARM64.Build.0 = Debug|Win32
		{FB5F8675-31F8-4CEE-A90A-CD5DE11195B9}.Debug_test|x64.ActiveCfg = Debug|x64
		{FB5F8675-31F8-4CEE-A90A-CD5DE11195B9}.Debug_test|x64.Build.0 = Debug|x64
		{FB5F8675-31F8-4CEE-A90A-CD5DE11195B9}.Debug_test|x86.ActiveCfg = Debug|Win32
		{FB5F8675-31F8-4CEE-A90A-CD5DE11195B9}.Debug_test|x86.Build.0 = Debug|Win32
		{FB5F8675-31F8-4CEE-A90A-CD5DE11195B9}.Debug|Any CPU.ActiveCfg = Debug|Win32
		{FB5F8675-31F8-4CEE-A90A-CD5DE11195B9}.Debug|ARM.ActiveCfg = Debug|arm
		{FB5F8675-31F8-4CEE-A90A-CD5DE11195B9}.Debug|ARM.Build.0 = Debug|arm
		{FB5F8675-31F8-4CEE-A90A-CD5DE11195B9}.Debug|ARM64.ActiveCfg = Debug|Win32
		{FB5F8675-31F8-4CEE-A90A-CD5DE11195B9}.Debug|x64.ActiveCfg = Debug|x64
		{FB5F8675-31F8-4CEE-A90A-CD5DE11195B9}.Debug|x64.Build.0 = Debug|x64
		{FB5F8675-31F8-4CEE-A90A-CD5DE11195B9}.Debug|x86.ActiveCfg = Debug|Win32
		{FB5F8675-31F8-4CEE-A90A-CD5DE11195B9}.Debug|x86.Build.0 = Debug|Win32
		{FB5F8675-31F8-4CEE-A90A-CD5DE11195B9}.Release|Any CPU.ActiveCfg = Release|Win32
		{FB5F8675-31F8-4CEE-A90A-CD5DE11195B9}.Release|ARM.ActiveCfg = Release|arm
		{FB5F8675-31F8-4CEE-A90A-CD5DE11195B9}.Release|ARM.Build.0 = Release|arm
		{FB5F8675-31F8-4CEE-A90A-CD5DE11195B9}.Release|ARM64.ActiveCfg = Release|Win32
		{FB5F8675-31F8-4CEE-A90A-CD5DE11195B9}.Release|x64.ActiveCfg = Release|x64
		{FB5F8675-31F8-4CEE-A90A-CD5DE11195B9}.Release|x64.Build.0 = Release|x64
		{FB5F8675-31F8-4CEE-A90A-CD5DE11195B9}.Release|x86.ActiveCfg = Release|Win32
		{FB5F8675-31F8-4CEE-A90A-CD5DE11195B9}.Release|x86.Build.0 = Release|Win32
		{9D26CEF7-DFB8-456F-8440-8417202BF575}.Debug_test|Any CPU.ActiveCfg = Debug|Win32
		{9D26CEF7-DFB8-456F-8440-8417202BF575}.Debug_test|Any CPU.Build.0 = Debug|Win32
		{9D26CEF7-DFB8-456F-8440-8417202BF575}.Debug_test|ARM.ActiveCfg = Debug|Win32
		{9D26CEF7-DFB8-456F-8440-8417202BF575}.Debug_test|ARM.Build.0 = Debug|Win32
		{9D26CEF7-DFB8-456F-8440-8417202BF575}.Debug_test|ARM64.ActiveCfg = Debug|Win32
		{9D26CEF7-DFB8-456F-8440-8417202BF575}.Debug_test|ARM64.Build.0 = Debug|Win32
		{9D26CEF7-DFB8-456F-8440-8417202BF575}.Debug_test|x64.ActiveCfg = Debug|x64
		{9D26CEF7-DFB8-456F-8440-8417202BF575}.Debug_test|x64.Build.0 = Debug|x64
		{9D26CEF7-DFB8-456F-8440-8417202BF575}.Debug_test|x86.ActiveCfg = Debug|Win32
		{9D26CEF7-DFB8-456F-8440-8417202BF575}.Debug_test|x86.Build.0 = Debug|Win32
		{9D26CEF7-DFB8-456F-8440-8417202BF575}.Debug|Any CPU.ActiveCfg = Debug|Win32
		{9D26CEF7-DFB8-456F-8440-8417202BF575}.Debug|ARM.ActiveCfg = Debug|Win32
		{9D26CEF7-DFB8-456F-8440-8417202BF575}.Debug|ARM64.ActiveCfg = Debug|Win32
		{9D26CEF7-DFB8-456F-8440-8417202BF575}.Debug|x64.ActiveCfg = Debug|x64
		{9D26CEF7-DFB8-456F-8440-8417202BF575}.Debug|x64.Build.0 = Debug|x64
		{9D26CEF7-DFB8-456F-8440-8417202BF575}.Debug|x86.ActiveCfg = Debug|Win32
		{9D26CEF7-DFB8-456F-8440-8417202BF575}.Debug|x86.Build.0 = Debug|Win32
		{9D26CEF7-DFB8-456F-8440-8417202BF575}.Release|Any CPU.ActiveCfg = Release|Win32
		{9D26CEF7-DFB8-456F-8440-8417202BF575}.Release|ARM.ActiveCfg = Release|Win32
		{9D26CEF7-DFB8-456F-8440-8417202BF575}.Release|ARM64.ActiveCfg = Release|Win32
		{9D26CEF7-DFB8-456F-8440-8417202BF575}.Release|x64.ActiveCfg = Release|x64
		{9D26CEF7-DFB8-456F-8440-8417202BF575}.Release|x64.Build.0 = Release|x64
		{9D26CEF7-DFB8-456F-8440-8417202BF575}.Release|x86.ActiveCfg = Release|Win32
		{9D26CEF7-DFB8-456F-8440-8417202BF575}.Release|x86.Build.0 = Release|Win32
		{7B3836CC-3CF8-4B1D-A63D-D6A557DFF05A}.Debug_test|Any CPU.ActiveCfg = Debug|Win32
		{7B3836CC-3CF8-4B1D-A63D-D6A557DFF05A}.Debug_test|Any CPU.Build.0 = Debug|Win32
		{7B3836CC-3CF8-4B1D-A63D-D6A557DFF05A}.Debug_test|ARM.ActiveCfg = Debug|arm
		{7B3836CC-3CF8-4B1D-A63D-D6A557DFF05A}.Debug_test|ARM.Build.0 = Debug|arm
		{7B3836CC-3CF8-4B1D-A63D-D6A557DFF05A}.Debug_test|ARM64.ActiveCfg = Debug|Win32
		{7B3836CC-3CF8-4B1D-A63D-D6A557DFF05A}.Debug_test|ARM64.Build.0 = Debug|Win32
		{7B3836CC-3CF8-4B1D-A63D-D6A557DFF05A}.Debug_test|x64.ActiveCfg = Debug|x64
		{7B3836CC-3CF8-4B1D-A63D-D6A557DFF05A}.Debug_test|x64.Build.0 = Debug|x64
		{7B3836CC-3CF8-4B1D-A63D-D6A557DFF05A}.Debug_test|x86.ActiveCfg = Debug|Win32
		{7B3836CC-3CF8-4B1D-A63D-D6A557DFF05A}.Debug_test|x86.Build.0 = Debug|Win32
		{7B3836CC-3CF8-4B1D-A63D-D6A557DFF05A}.Debug|Any CPU.ActiveCfg = Debug|Win32
		{7B3836CC-3CF8-4B1D-A63D-D6A557DFF05A}.Debug|ARM.ActiveCfg = Debug|arm
		{7B3836CC-3CF8-4B1D-A63D-D6A557DFF05A}.Debug|ARM.Build.0 = Debug|arm
		{7B3836CC-3CF8-4B1D-A63D-D6A557DFF05A}.Debug|ARM64.ActiveCfg = Debug|Win32
		{7B3836CC-3CF8-4B1D-A63D-D6A557DFF05A}.Debug|x64.ActiveCfg = Debug|x64
		{7B3836CC-3CF8-4B1D-A63D-D6A557DFF05A}.Debug|x64.Build.0 = Debug|x64
		{7B3836CC-3CF8-4B1D-A63D-D6A557DFF05A}.Debug|x86.ActiveCfg = Debug|Win32
		{7B3836CC-3CF8-4B1D-A63D-D6A557DFF05A}.Debug|x86.Build.0 = Debug|Win32
		{7B3836CC-3CF8-4B1D-A63D-D6A557DFF05A}.Release|Any CPU.ActiveCfg = Release|Win32
		{7B3836CC-3CF8-4B1D-A63D-D6A557DFF05A}.Release|ARM.ActiveCfg = Release|arm
		{7B3836CC-3CF8-4B1D-A63D-D6A557DFF05A}.Release|ARM.Build.0 = Release|arm
		{7B3836CC-3CF8-4B1D-A63D-D6A557DFF05A}.Release|ARM64.ActiveCfg = Release|Win32
		{7B3836CC-3CF8-4B1D-A63D-D6A557DFF05A}.Release|x64.ActiveCfg = Release|x64
		{7B3836CC-3CF8-4B1D-A63D-D6A557DFF05A}.Release|x64.Build.0 = Release|x64
		{7B3836CC-3CF8-4B1D-A63D-D6A557DFF05A}.Release|x86.ActiveCfg = Release|Win32
		{7B3836CC-3CF8-4B1D-A63D-D6A557DFF05A}.Release|x86.Build.0 = Release|Win32
		{A626A504-2BE0-4BBE-BBB3-6EAD1541DBF4}.Debug_test|Any CPU.ActiveCfg = Debug|Win32
		{A626A504-2BE0-4BBE-BBB3-6EAD1541DBF4}.Debug_test|Any CPU.Build.0 = Debug|Win32
		{A626A504-2BE0-4BBE-BBB3-6EAD1541DBF4}.Debug_test|ARM.ActiveCfg = Debug|Win32
		{A626A504-2BE0-4BBE-BBB3-6EAD1541DBF4}.Debug_test|ARM.Build.0 = Debug|Win32
		{A626A504-2BE0-4BBE-BBB3-6EAD1541DBF4}.Debug_test|ARM64.ActiveCfg = Debug|Win32
		{A626A504-2BE0-4BBE-BBB3-6EAD1541DBF4}.Debug_test|ARM64.Build.0 = Debug|Win32
		{A626A504-2BE0-4BBE-BBB3-6EAD1541DBF4}.Debug_test|x64.ActiveCfg = Debug|x64
		{A626A504-2BE0-4BBE-BBB3-6EAD1541DBF4}.Debug_test|x64.Build.0 = Debug|x64
		{A626A504-2BE0-4BBE-BBB3-6EAD1541DBF4}.Debug_test|x86.ActiveCfg = Debug|Win32
		{A626A504-2BE0-4BBE-BBB3-6EAD1541DBF4}.Debug_test|x86.Build.0 = Debug|Win32
		{A626A504-2BE0-4BBE-BBB3-6EAD1541DBF4}.Debug|Any CPU.ActiveCfg = Debug|Win32
		{A626A504-2BE0-4BBE-BBB3-6EAD1541DBF4}.Debug|ARM.ActiveCfg = Debug|Win32
		{A626A504-2BE0-4BBE-BBB3-6EAD1541DBF4}.Debug|ARM64.ActiveCfg = Debug|Win32
		{A626A504-2BE0-4BBE-BBB3-6EAD1541DBF4}.Debug|x64.ActiveCfg = Debug|x64
		{A626A504-2BE0-4BBE-BBB3-6EAD1541DBF4}.Debug|x64.Build.0 = Debug|x64
		{A626A504-2BE0-4BBE-BBB3-6EAD1541DBF4}.Debug|x86.ActiveCfg = Debug|Win32
		{A626A504-2BE0-4BBE-BBB3-6EAD1541DBF4}.Debug|x86.Build.0 = Debug|Win32
		{A626A504-2BE0-4BBE-BBB3-6EAD1541DBF4}.Release|Any CPU.ActiveCfg = Release|Win32
		{A626A504-2BE0-4BBE-BBB3-6EAD1541DBF4}.Release|ARM.ActiveCfg = Release|Win32
		{A626A504-2BE0-4BBE-BBB3-6EAD1541DBF4}.Release|ARM64.ActiveCfg = Release|Win32
		{A626A504-2BE0-4BBE-BBB3-6EAD1541DBF4}.Release|x64.ActiveCfg = Release|x64
		{A626A504-2BE0-4BBE-BBB3-6EAD1541DBF4}.Release|x64.Build.0 = Release|x64
		{A626A504-2BE0-4BBE-BBB3-6EAD1541DBF4}.Release|x86.ActiveCfg = Release|Win32
		{A626A504-2BE0-4BBE-BBB3-6EAD1541DBF4}.Release|x86.Build.0 = Release|Win32
		{7B1BECA1-D836-400C-9F1F-CAFA79F56BA6}.Debug_test|Any CPU.ActiveCfg = Debug|Win32
		{7B1BECA1-D836-400C-9F1F-CAFA79F56BA6}.Debug_test|Any CPU.Build.0 = Debug|Win32
		{7B1BECA1-D836-400C-9F1F-CAFA79F56BA6}.Debug_test|ARM.ActiveCfg = Debug|arm
		{7B1BECA1-D836-400C-9F1F-CAFA79F56BA6}.Debug_test|ARM.Build.0 = Debug|arm
		{7B1BECA1-D836-400C-9F1F-CAFA79F56BA6}.Debug_test|ARM64.ActiveCfg = Debug|Win32
		{7B1BECA1-D836-400C-9F1F-CAFA79F56BA6}.Debug_test|ARM64.Build.0 = Debug|Win32
		{7B1BECA1-D836-400C-9F1F-CAFA79F56BA6}.Debug_test|x64.ActiveCfg = Debug|x64
		{7B1BECA1-D836-400C-9F1F-CAFA79F56BA6}.Debug_test|x64.Build.0 = Debug|x64
		{7B1BECA1-D836-400C-9F1F-CAFA79F56BA6}.Debug_test|x86.ActiveCfg = Debug|Win32
		{7B1BECA1-D836-400C-9F1F-CAFA79F56BA6}.Debug_test|x86.Build.0 = Debug|Win32
		{7B1BECA1-D836-400C-9F1F-CAFA79F56BA6}.Debug|Any CPU.ActiveCfg = Debug|Win32
		{7B1BECA1-D836-400C-9F1F-CAFA79F56BA6}.Debug|ARM.ActiveCfg = Debug|arm
		{7B1BECA1-D836-400C-9F1F-CAFA79F56BA6}.Debug|ARM.Build.0 = Debug|arm
		{7B1BECA1-D836-400C-9F1F-CAFA79F56BA6}.Debug|ARM64.ActiveCfg = Debug|Win32
		{7B1BECA1-D836-400C-9F1F-CAFA79F56BA6}.Debug|x64.ActiveCfg = Debug|x64
		{7B1BECA1-D836-400C-9F1F-CAFA79F56BA6}.Debug|x64.Build.0 = Debug|x64
		{7B1BECA1-D836-400C-9F1F-CAFA79F56BA6}.Debug|x86.ActiveCfg = Debug|Win32
		{7B1BECA1-D836-400C-9F1F-CAFA79F56BA6}.Debug|x86.Build.0 = Debug|Win32
		{7B1BECA1-D836-400C-9F1F-CAFA79F56BA6}.Release|Any CPU.ActiveCfg = Release|Win32
		{7B1BECA1-D836-400C-9F1F-CAFA79F56BA6}.Release|ARM.ActiveCfg = Release|arm
		{7B1BECA1-D836-400C-9F1F-CAFA79F56BA6}.Release|ARM.Build.0 = Release|arm
		{7B1BECA1-D836-400C-9F1F-CAFA79F56BA6}.Release|ARM64.ActiveCfg = Release|Win32
		{7B1BECA1-D836-400C-9F1F-CAFA79F56BA6}.Release|x64.ActiveCfg = Release|x64
		{7B1BECA1-D836-400C-9F1F-CAFA79F56BA6}.Release|x64.Build.0 = Release|x64
		{7B1BECA1-D836-400C-9F1F-CAFA79F56BA6}.Release|x86.ActiveCfg = Release|Win32
		{7B1BECA1-D836-400C-9F1F-CAFA79F56BA6}.Release|x86.Build.0 = Release|Win32
		{60E1A5BE-FBAA-4AD5-AB14-E3DB5FFCD8C7}.Debug_test|Any CPU.ActiveCfg = Debug|Win32
		{60E1A5BE-FBAA-4AD5-AB14-E3DB5FFCD8C7}.Debug_test|Any CPU.Build.0 = Debug|Win32
		{60E1A5BE-FBAA-4AD5-AB14-E3DB5FFCD8C7}.Debug_test|ARM.ActiveCfg = Debug|arm
		{60E1A5BE-FBAA-4AD5-AB14-E3DB5FFCD8C7}.Debug_test|ARM.Build.0 = Debug|arm
		{60E1A5BE-FBAA-4AD5-AB14-E3DB5FFCD8C7}.Debug_test|ARM64.ActiveCfg = Debug|Win32
		{60E1A5BE-FBAA-4AD5-AB14-E3DB5FFCD8C7}.Debug_test|ARM64.Build.0 = Debug|Win32
		{60E1A5BE-FBAA-4AD5-AB14-E3DB5FFCD8C7}.Debug_test|x64.ActiveCfg = Debug|x64
		{60E1A5BE-FBAA-4AD5-AB14-E3DB5FFCD8C7}.Debug_test|x64.Build.0 = Debug|x64
		{60E1A5BE-FBAA-4AD5-AB14-E3DB5FFCD8C7}.Debug_test|x86.ActiveCfg = Debug|Win32
		{60E1A5BE-FBAA-4AD5-AB14-E3DB5FFCD8C7}.Debug_test|x86.Build.0 = Debug|Win32
		{60E1A5BE-FBAA-4AD5-AB14-E3DB5FFCD8C7}.Debug|Any CPU.ActiveCfg = Debug|Win32
		{60E1A5BE-FBAA-4AD5-AB14-E3DB5FFCD8C7}.Debug|ARM.ActiveCfg = Debug|arm
		{60E1A5BE-FBAA-4AD5-AB14-E3DB5FFCD8C7}.Debug|ARM.Build.0 = Debug|arm
		{60E1A5BE-FBAA-4AD5-AB14-E3DB5FFCD8C7}.Debug|ARM64.ActiveCfg = Debug|Win32
		{60E1A5BE-FBAA-4AD5-AB14-E3DB5FFCD8C7}.Debug|x64.ActiveCfg = Debug|x64
		{60E1A5BE-FBAA-4AD5-AB14-E3DB5FFCD8C7}.Debug|x64.Build.0 = Debug|x64
		{60E1A5BE-FBAA-4AD5-AB14-E3DB5FFCD8C7}.Debug|x86.ActiveCfg = Debug|Win32
		{60E1A5BE-FBAA-4AD5-AB14-E3DB5FFCD8C7}.Debug|x86.Build.0 = Debug|Win32
		{60E1A5BE-FBAA-4AD5-AB14-E3DB5FFCD8C7}.Release|Any CPU.ActiveCfg = Release|Win32
		{60E1A5BE-FBAA-4AD5-AB14-E3DB5FFCD8C7}.Release|ARM.ActiveCfg = Release|arm
		{60E1A5BE-FBAA-4AD5-AB14-E3DB5FFCD8C7}.Release|ARM.Build.0 = Release|arm
		{60E1A5BE-FBAA-4AD5-AB14-E3DB5FFCD8C7}.Release|ARM64.ActiveCfg = Release|Win32
		{60E1A5BE-FBAA-4AD5-AB14-E3DB5FFCD8C7}.Release|x64.ActiveCfg = Release|x64
		{60E1A5BE-FBAA-4AD5-AB14-E3DB5FFCD8C7}.Release|x64.Build.0 = Release|x64
		{60E1A5BE-FBAA-4AD5-AB14-E3DB5FFCD8C7}.Release|x86.ActiveCfg = Release|Win32
		{60E1A5BE-FBAA-4AD5-AB14-E3DB5FFCD8C7}.Release|x86.Build.0 = Release|Win32
		{DA355260-BEB9-4D65-BCA5-379DFC4908E9}.Debug_test|Any CPU.ActiveCfg = Debug|Win32
		{DA355260-BEB9-4D65-BCA5-379DFC4908E9}.Debug_test|Any CPU.Build.0 = Debug|Win32
		{DA355260-BEB9-4D65-BCA5-379DFC4908E9}.Debug_test|ARM.ActiveCfg = Debug|Win32
		{DA355260-BEB9-4D65-BCA5-379DFC4908E9}.Debug_test|ARM.Build.0 = Debug|Win32
		{DA355260-BEB9-4D65-BCA5-379DFC4908E9}.Debug_test|ARM64.ActiveCfg = Debug|Win32
		{DA355260-BEB9-4D65-BCA5-379DFC4908E9}.Debug_test|ARM64.Build.0 = Debug|Win32
		{DA355260-BEB9-4D65-BCA5-379DFC4908E9}.Debug_test|x64.ActiveCfg = Debug|x64
		{DA355260-BEB9-4D65-BCA5-379DFC4908E9}.Debug_test|x64.Build.0 = Debug|x64
		{DA355260-BEB9-4D65-BCA5-379DFC4908E9}.Debug_test|x86.ActiveCfg = Debug|Win32
		{DA355260-BEB9-4D65-BCA5-379DFC4908E9}.Debug_test|x86.Build.0 = Debug|Win32
		{DA355260-BEB9-4D65-BCA5-379DFC4908E9}.Debug|Any CPU.ActiveCfg = Debug|Win32
		{DA355260-BEB9-4D65-BCA5-379DFC4908E9}.Debug|ARM.ActiveCfg = Debug|Win32
		{DA355260-BEB9-4D65-BCA5-379DFC4908E9}.Debug|ARM64.ActiveCfg = Debug|Win32
		{DA355260-BEB9-4D65-BCA5-379DFC4908E9}.Debug|x64.ActiveCfg = Debug|x64
		{DA355260-BEB9-4D65-BCA5-379DFC4908E9}.Debug|x64.Build.0 = Debug|x64
		{DA355260-BEB9-4D65-BCA5-379DFC4908E9}.Debug|x86.ActiveCfg = Debug|Win32
		{DA355260-BEB9-4D65-BCA5-379DFC4908E9}.Debug|x86.Build.0 = Debug|Win32
		{DA355260-BEB9-4D65-BCA5-379DFC4908E9}.Release|Any CPU.ActiveCfg = Release|Win32
		{DA355260-BEB9-4D65-BCA5-379DFC4908E9}.Release|ARM.ActiveCfg = Release|Win32
		{DA355260-BEB9-4D65-BCA5-379DFC4908E9}.Release|ARM64.ActiveCfg = Release|Win32
		{DA355260-BEB9-4D65-BCA5-379DFC4908E9}.Release|x64.ActiveCfg = Release|x64
		{DA355260-BEB9-4D65-BCA5-379DFC4908E9}.Release|x64.Build.0 = Release|x64
		{DA355260-BEB9-4D65-BCA5-379DFC4908E9}.Release|x86.ActiveCfg = Release|Win32
		{DA355260-BEB9-4D65-BCA5-379DFC4908E9}.Release|x86.Build.0 = Release|Win32
	EndGlobalSection
	GlobalSection(SolutionProperties) = preSolution
		HideSolutionNode = FALSE
	EndGlobalSection
	GlobalSection(NestedProjects) = preSolution
		{428CCA9E-ADC5-4917-B51B-7D13E35950C5} = {448ED2E5-0B37-4D97-9E6B-8C10A507976A}
		{0DE4FEFE-5471-4B50-B74B-D817A02B7F0D} = {428CCA9E-ADC5-4917-B51B-7D13E35950C5}
		{8A5C2FE6-86D7-4AAA-BE2E-924B8E03B888} = {448ED2E5-0B37-4D97-9E6B-8C10A507976A}
		{CDCE22EC-F7BF-43D4-95D8-2E786229A4E5} = {8A5C2FE6-86D7-4AAA-BE2E-924B8E03B888}
		{682DED8C-3A27-48CD-866D-E853EA2024DE} = {8630F7AA-2969-4DC9-8700-9B468C1DC21D}
		{B73AD907-6164-4294-88FB-F3C9C10DA1F1} = {448ED2E5-0B37-4D97-9E6B-8C10A507976A}
		{C62688A1-16A0-4729-B6ED-842F4FAA29F3} = {8630F7AA-2969-4DC9-8700-9B468C1DC21D}
		{B1A6F5EC-5418-4354-BACF-F7D998EE960D} = {8630F7AA-2969-4DC9-8700-9B468C1DC21D}
		{0D4C23E6-7CDE-46C6-A904-4514044BE0AF} = {448ED2E5-0B37-4D97-9E6B-8C10A507976A}
		{EE59832A-648D-430F-90FF-DDA81D838606} = {0D4C23E6-7CDE-46C6-A904-4514044BE0AF}
		{064C0A6B-10EA-4A40-826C-CF53903EBCB9} = {EE59832A-648D-430F-90FF-DDA81D838606}
		{5A953C39-D016-4D85-AAF0-39F51F7B00D2} = {8630F7AA-2969-4DC9-8700-9B468C1DC21D}
		{E65303BB-393D-4A58-96CF-0B6F8F038FF7} = {5A953C39-D016-4D85-AAF0-39F51F7B00D2}
		{1F248AFD-5F0C-401E-B20E-762009E93DD6} = {E65303BB-393D-4A58-96CF-0B6F8F038FF7}
		{44387CD5-2431-4308-B0FE-38164016E58C} = {5A953C39-D016-4D85-AAF0-39F51F7B00D2}
		{B32C04C8-8BD2-4350-81EA-5C73631FDEBB} = {44387CD5-2431-4308-B0FE-38164016E58C}
		{DE1EEC43-3820-40A4-9B67-0FBE0CE16B02} = {B32C04C8-8BD2-4350-81EA-5C73631FDEBB}
		{9A9A4442-31E7-48A2-87A4-E6A92325D7E0} = {B32C04C8-8BD2-4350-81EA-5C73631FDEBB}
		{375F9DA8-6222-44A5-9378-44DB28CFAAE9} = {5A953C39-D016-4D85-AAF0-39F51F7B00D2}
		{8E58165B-CB6E-412B-A9C3-2AA89F0D473F} = {375F9DA8-6222-44A5-9378-44DB28CFAAE9}
		{FFB618B0-B5E1-4AFC-B138-FDA73920A33A} = {0D4C23E6-7CDE-46C6-A904-4514044BE0AF}
		{B42F17EF-35CB-49D4-AC16-A05C11DDD5F3} = {FFB618B0-B5E1-4AFC-B138-FDA73920A33A}
		{1BC8B6F7-DFAA-4FE9-BB69-A8D151AE58CB} = {FFB618B0-B5E1-4AFC-B138-FDA73920A33A}
		{AD62B485-5CCC-4BC2-BB01-ACB911DAFD58} = {1BC8B6F7-DFAA-4FE9-BB69-A8D151AE58CB}
		{72C7350C-595B-4502-A103-D96D3EA03BA5} = {1BC8B6F7-DFAA-4FE9-BB69-A8D151AE58CB}
		{A769332A-2550-417F-9730-0CC1C7AC6022} = {72D07FBE-C38B-41FB-B7F8-B27CC5E09C9E}
		{72D07FBE-C38B-41FB-B7F8-B27CC5E09C9E} = {0D4C23E6-7CDE-46C6-A904-4514044BE0AF}
		{C727807C-F6F8-47C3-A00B-76B648C8D1EE} = {72D07FBE-C38B-41FB-B7F8-B27CC5E09C9E}
		{67EB8D54-E060-4887-9D91-938ED7E145A6} = {72D07FBE-C38B-41FB-B7F8-B27CC5E09C9E}
		{A7B7754F-5D54-40E7-9D66-51C6B43C95E2} = {1BC8B6F7-DFAA-4FE9-BB69-A8D151AE58CB}
		{F104C464-FA7E-4D90-BC8D-93F6A8A9F6E2} = {72D07FBE-C38B-41FB-B7F8-B27CC5E09C9E}
		{B1C24E4F-0636-4DE4-B9B8-520F53BF7C9A} = {FFB618B0-B5E1-4AFC-B138-FDA73920A33A}
		{1A41BB90-CC34-4EDD-9A27-50714CDBC169} = {A769332A-2550-417F-9730-0CC1C7AC6022}
		{417051C2-259E-4051-947B-0A246E1B1709} = {67EB8D54-E060-4887-9D91-938ED7E145A6}
		{FB5F8675-31F8-4CEE-A90A-CD5DE11195B9} = {C727807C-F6F8-47C3-A00B-76B648C8D1EE}
		{9D26CEF7-DFB8-456F-8440-8417202BF575} = {F104C464-FA7E-4D90-BC8D-93F6A8A9F6E2}
		{7B3836CC-3CF8-4B1D-A63D-D6A557DFF05A} = {B42F17EF-35CB-49D4-AC16-A05C11DDD5F3}
		{A626A504-2BE0-4BBE-BBB3-6EAD1541DBF4} = {A7B7754F-5D54-40E7-9D66-51C6B43C95E2}
		{7B1BECA1-D836-400C-9F1F-CAFA79F56BA6} = {72C7350C-595B-4502-A103-D96D3EA03BA5}
		{60E1A5BE-FBAA-4AD5-AB14-E3DB5FFCD8C7} = {AD62B485-5CCC-4BC2-BB01-ACB911DAFD58}
		{DA355260-BEB9-4D65-BCA5-379DFC4908E9} = {B1C24E4F-0636-4DE4-B9B8-520F53BF7C9A}
	EndGlobalSection
	GlobalSection(ExtensibilityGlobals) = postSolution
		SolutionGuid = {4B3D7591-CFEC-4762-9A07-ABE99938FB77}
	EndGlobalSection
EndGlobal
